
Microsoft Visual Studio Solution File, Format Version 12.00
# Visual Studio Version 17
VisualStudioVersion = 17.0.31903.59
MinimumVisualStudioVersion = 10.0.40219.1
Project("{FAE04EC0-301F-11D3-BF4B-00C04F79EFBC}") = "HRMS.API", "HRMS.API\HRMS.API.csproj", "{3BCCA39A-4AC5-4333-BB96-43E9147A31A3}"
EndProject
Project("{FAE04EC0-301F-11D3-BF4B-00C04F79EFBC}") = "HRMS.Tests", "HRMS.Tests\HRMS.Tests.csproj", "{5A2D8B49-4937-4C79-8994-7ABD7B4BBB42}"
EndProject
Global
	GlobalSection(SolutionConfigurationPlatforms) = preSolution
		Debug|Any CPU = Debug|Any CPU
		Release|Any CPU = Release|Any CPU
	EndGlobalSection
	GlobalSection(SolutionProperties) = preSolution
		HideSolutionNode = FALSE
	EndGlobalSection
	GlobalSection(ProjectConfigurationPlatforms) = postSolution
		{3BCCA39A-4AC5-4333-BB96-43E9147A31A3}.Debug|Any CPU.ActiveCfg = Debug|Any CPU
		{3BCCA39A-4AC5-4333-BB96-43E9147A31A3}.Debug|Any CPU.Build.0 = Debug|Any CPU
		{3BCCA39A-4AC5-4333-BB96-43E9147A31A3}.Release|Any CPU.ActiveCfg = Release|Any CPU
		{3BCCA39A-4AC5-4333-BB96-43E9147A31A3}.Release|Any CPU.Build.0 = Release|Any CPU
		{5A2D8B49-4937-4C79-8994-7ABD7B4BBB42}.Debug|Any CPU.ActiveCfg = Debug|Any CPU
		{5A2D8B49-4937-4C79-8994-7ABD7B4BBB42}.Debug|Any CPU.Build.0 = Debug|Any CPU
		{5A2D8B49-4937-4C79-8994-7ABD7B4BBB42}.Release|Any CPU.ActiveCfg = Release|Any CPU
		{5A2D8B49-4937-4C79-8994-7ABD7B4BBB42}.Release|Any CPU.Build.0 = Release|Any CPU
	EndGlobalSection
EndGlobal
